
Microsoft Visual Studio Solution File, Format Version 12.00
# Visual Studio 15
VisualStudioVersion = 15.0.28010.2050
MinimumVisualStudioVersion = 10.0.40219.1
Project("{FAE04EC0-301F-11D3-BF4B-00C04F79EFBC}") = "Gitdemo", "Gitdemo\Gitdemo.csproj", "{B568CBB2-D679-428A-B083-F657DEC0E543}"
EndProject
Global
	GlobalSection(SolutionConfigurationPlatforms) = preSolution
		Debug|Any CPU = Debug|Any CPU
		Release|Any CPU = Release|Any CPU
	EndGlobalSection
	GlobalSection(ProjectConfigurationPlatforms) = postSolution
		{B568CBB2-D679-428A-B083-F657DEC0E543}.Debug|Any CPU.ActiveCfg = Debug|Any CPU
		{B568CBB2-D679-428A-B083-F657DEC0E543}.Debug|Any CPU.Build.0 = Debug|Any CPU
		{B568CBB2-D679-428A-B083-F657DEC0E543}.Release|Any CPU.ActiveCfg = Release|Any CPU
		{B568CBB2-D679-428A-B083-F657DEC0E543}.Release|Any CPU.Build.0 = Release|Any CPU
	EndGlobalSection
	GlobalSection(SolutionProperties) = preSolution
		HideSolutionNode = FALSE
	EndGlobalSection
	GlobalSection(ExtensibilityGlobals) = postSolution
		SolutionGuid = {BE5196A6-81DF-46C8-A6B5-7F050D6932D4}
	EndGlobalSection
EndGlobal
